
Microsoft Visual Studio Solution File, Format Version 12.00
# Visual Studio Version 17
VisualStudioVersion = 17.11.35222.181
MinimumVisualStudioVersion = 10.0.40219.1
Project("{9A19103F-16F7-4668-BE54-9A1E7A4F7556}") = "Shared", "Shared\Shared.csproj", "{287B0CFC-CBB1-47DF-A930-6B5E59ECA5AF}"
EndProject
Project("{9A19103F-16F7-4668-BE54-9A1E7A4F7556}") = "BirthdayGreeter.Consumers", "BirthdayGreeter.Consumers\BirthdayGreeter.Consumers.csproj", "{59402D0D-F401-4180-B2F3-0AA751482E31}"
EndProject
Project("{9A19103F-16F7-4668-BE54-9A1E7A4F7556}") = "BirthdayGreeter.Producers.Api", "BirthdayGreeter.Producers.Api\BirthdayGreeter.Producers.Api.csproj", "{14C3D2A4-98D6-407D-98FE-20B3C5F16197}"
EndProject
Global
	GlobalSection(SolutionConfigurationPlatforms) = preSolution
		Debug|Any CPU = Debug|Any CPU
		Release|Any CPU = Release|Any CPU
	EndGlobalSection
	GlobalSection(ProjectConfigurationPlatforms) = postSolution
		{287B0CFC-CBB1-47DF-A930-6B5E59ECA5AF}.Debug|Any CPU.ActiveCfg = Debug|Any CPU
		{287B0CFC-CBB1-47DF-A930-6B5E59ECA5AF}.Debug|Any CPU.Build.0 = Debug|Any CPU
		{287B0CFC-CBB1-47DF-A930-6B5E59ECA5AF}.Release|Any CPU.ActiveCfg = Release|Any CPU
		{287B0CFC-CBB1-47DF-A930-6B5E59ECA5AF}.Release|Any CPU.Build.0 = Release|Any CPU
		{59402D0D-F401-4180-B2F3-0AA751482E31}.Debug|Any CPU.ActiveCfg = Debug|Any CPU
		{59402D0D-F401-4180-B2F3-0AA751482E31}.Debug|Any CPU.Build.0 = Debug|Any CPU
		{59402D0D-F401-4180-B2F3-0AA751482E31}.Release|Any CPU.ActiveCfg = Release|Any CPU
		{59402D0D-F401-4180-B2F3-0AA751482E31}.Release|Any CPU.Build.0 = Release|Any CPU
		{14C3D2A4-98D6-407D-98FE-20B3C5F16197}.Debug|Any CPU.ActiveCfg = Debug|Any CPU
		{14C3D2A4-98D6-407D-98FE-20B3C5F16197}.Debug|Any CPU.Build.0 = Debug|Any CPU
		{14C3D2A4-98D6-407D-98FE-20B3C5F16197}.Release|Any CPU.ActiveCfg = Release|Any CPU
		{14C3D2A4-98D6-407D-98FE-20B3C5F16197}.Release|Any CPU.Build.0 = Release|Any CPU
	EndGlobalSection
	GlobalSection(SolutionProperties) = preSolution
		HideSolutionNode = FALSE
	EndGlobalSection
	GlobalSection(ExtensibilityGlobals) = postSolution
		SolutionGuid = {2C506CD7-6F84-45D1-85F4-EA5F079F29CB}
	EndGlobalSection
EndGlobal
