
Microsoft Visual Studio Solution File, Format Version 12.00
# Visual Studio Version 17
VisualStudioVersion = 17.5.002.0
MinimumVisualStudioVersion = 10.0.40219.1
Project("{9A19103F-16F7-4668-BE54-9A1E7A4F7556}") = "BirthdayGreeter.Consumers", "BirthdayGreeter.Consumers.csproj", "{8F8B051A-DE1D-4F34-BDA2-72F5D90C5FFE}"
EndProject
Global
	GlobalSection(SolutionConfigurationPlatforms) = preSolution
		Debug|Any CPU = Debug|Any CPU
		Release|Any CPU = Release|Any CPU
	EndGlobalSection
	GlobalSection(ProjectConfigurationPlatforms) = postSolution
		{8F8B051A-DE1D-4F34-BDA2-72F5D90C5FFE}.Debug|Any CPU.ActiveCfg = Debug|Any CPU
		{8F8B051A-DE1D-4F34-BDA2-72F5D90C5FFE}.Debug|Any CPU.Build.0 = Debug|Any CPU
		{8F8B051A-DE1D-4F34-BDA2-72F5D90C5FFE}.Release|Any CPU.ActiveCfg = Release|Any CPU
		{8F8B051A-DE1D-4F34-BDA2-72F5D90C5FFE}.Release|Any CPU.Build.0 = Release|Any CPU
	EndGlobalSection
	GlobalSection(SolutionProperties) = preSolution
		HideSolutionNode = FALSE
	EndGlobalSection
	GlobalSection(ExtensibilityGlobals) = postSolution
		SolutionGuid = {A38DDBB7-2F2D-403A-8EA8-B95FBB5C220A}
	EndGlobalSection
EndGlobal
